
Microsoft Visual Studio Solution File, Format Version 12.00
# Visual Studio Version 16
VisualStudioVersion = 16.0.31911.196
MinimumVisualStudioVersion = 10.0.40219.1
Project("{FAE04EC0-301F-11D3-BF4B-00C04F79EFBC}") = "Lab3(1)", "Lab3(1).csproj", "{341E6000-0D9E-4B46-9F9F-039E432F10C3}"
EndProject
Global
	GlobalSection(SolutionConfigurationPlatforms) = preSolution
		Debug|Any CPU = Debug|Any CPU
		Release|Any CPU = Release|Any CPU
	EndGlobalSection
	GlobalSection(ProjectConfigurationPlatforms) = postSolution
		{341E6000-0D9E-4B46-9F9F-039E432F10C3}.Debug|Any CPU.ActiveCfg = Debug|Any CPU
		{341E6000-0D9E-4B46-9F9F-039E432F10C3}.Debug|Any CPU.Build.0 = Debug|Any CPU
		{341E6000-0D9E-4B46-9F9F-039E432F10C3}.Release|Any CPU.ActiveCfg = Release|Any CPU
		{341E6000-0D9E-4B46-9F9F-039E432F10C3}.Release|Any CPU.Build.0 = Release|Any CPU
	EndGlobalSection
	GlobalSection(SolutionProperties) = preSolution
		HideSolutionNode = FALSE
	EndGlobalSection
	GlobalSection(ExtensibilityGlobals) = postSolution
		SolutionGuid = {C969F566-D7CF-44C2-9314-7A8690A7158D}
	EndGlobalSection
EndGlobal
