
Microsoft Visual Studio Solution File, Format Version 12.00
# Visual Studio Version 17
VisualStudioVersion = 17.0.32014.148
MinimumVisualStudioVersion = 10.0.40219.1
Project("{FAE04EC0-301F-11D3-BF4B-00C04F79EFBC}") = "Laba2_infa", "Laba2_infa.csproj", "{3221A6CA-74AD-49CB-B24E-244EBE1017DA}"
EndProject
Global
	GlobalSection(SolutionConfigurationPlatforms) = preSolution
		Debug|Any CPU = Debug|Any CPU
		Release|Any CPU = Release|Any CPU
	EndGlobalSection
	GlobalSection(ProjectConfigurationPlatforms) = postSolution
		{3221A6CA-74AD-49CB-B24E-244EBE1017DA}.Debug|Any CPU.ActiveCfg = Debug|Any CPU
		{3221A6CA-74AD-49CB-B24E-244EBE1017DA}.Debug|Any CPU.Build.0 = Debug|Any CPU
		{3221A6CA-74AD-49CB-B24E-244EBE1017DA}.Release|Any CPU.ActiveCfg = Release|Any CPU
		{3221A6CA-74AD-49CB-B24E-244EBE1017DA}.Release|Any CPU.Build.0 = Release|Any CPU
	EndGlobalSection
	GlobalSection(SolutionProperties) = preSolution
		HideSolutionNode = FALSE
	EndGlobalSection
	GlobalSection(ExtensibilityGlobals) = postSolution
		SolutionGuid = {518CB6FE-9C16-45AF-8453-5AB154C89E9C}
	EndGlobalSection
EndGlobal
